
Microsoft Visual Studio Solution File, Format Version 12.00
# Visual Studio 15
VisualStudioVersion = 15.0.28307.136
MinimumVisualStudioVersion = 10.0.40219.1
Project("{FAE04EC0-301F-11D3-BF4B-00C04F79EFBC}") = "PhotoMagazine.Api", "PhotoShop.Api\PhotoMagazine.Api.csproj", "{AB7AEEFD-FE9C-4FC7-9588-9D0FD675D52E}"
EndProject
Project("{FAE04EC0-301F-11D3-BF4B-00C04F79EFBC}") = "PhotoMagazine.Entitys", "PhotoMagazine.Entitys\PhotoMagazine.Entitys.csproj", "{711C33C8-2466-4214-87DB-A0552FFA540D}"
EndProject
Project("{FAE04EC0-301F-11D3-BF4B-00C04F79EFBC}") = "PhotoMagazine.Business", "PhotoMagazine.Buisness\PhotoMagazine.Business.csproj", "{A56C73DE-7A59-46E2-93D9-3EE13DDE736F}"
EndProject
Project("{FAE04EC0-301F-11D3-BF4B-00C04F79EFBC}") = "PhotoMagazine.DataAccess", "PhotoMagazine.DataAccess\PhotoMagazine.DataAccess.csproj", "{31F7441D-791A-4EE1-A679-C5A34DA578DB}"
EndProject
Project("{FAE04EC0-301F-11D3-BF4B-00C04F79EFBC}") = "PhotoMagazine.ViewModels", "PhotoMagazine.ViewModels\PhotoMagazine.ViewModels.csproj", "{2A3380BD-C3F7-477A-B18D-B7A46E153D94}"
EndProject
Global
	GlobalSection(SolutionConfigurationPlatforms) = preSolution
		Debug|Any CPU = Debug|Any CPU
		Release|Any CPU = Release|Any CPU
	EndGlobalSection
	GlobalSection(ProjectConfigurationPlatforms) = postSolution
		{AB7AEEFD-FE9C-4FC7-9588-9D0FD675D52E}.Debug|Any CPU.ActiveCfg = Debug|Any CPU
		{AB7AEEFD-FE9C-4FC7-9588-9D0FD675D52E}.Debug|Any CPU.Build.0 = Debug|Any CPU
		{AB7AEEFD-FE9C-4FC7-9588-9D0FD675D52E}.Release|Any CPU.ActiveCfg = Release|Any CPU
		{AB7AEEFD-FE9C-4FC7-9588-9D0FD675D52E}.Release|Any CPU.Build.0 = Release|Any CPU
		{711C33C8-2466-4214-87DB-A0552FFA540D}.Debug|Any CPU.ActiveCfg = Debug|Any CPU
		{711C33C8-2466-4214-87DB-A0552FFA540D}.Debug|Any CPU.Build.0 = Debug|Any CPU
		{711C33C8-2466-4214-87DB-A0552FFA540D}.Release|Any CPU.ActiveCfg = Release|Any CPU
		{711C33C8-2466-4214-87DB-A0552FFA540D}.Release|Any CPU.Build.0 = Release|Any CPU
		{A56C73DE-7A59-46E2-93D9-3EE13DDE736F}.Debug|Any CPU.ActiveCfg = Debug|Any CPU
		{A56C73DE-7A59-46E2-93D9-3EE13DDE736F}.Debug|Any CPU.Build.0 = Debug|Any CPU
		{A56C73DE-7A59-46E2-93D9-3EE13DDE736F}.Release|Any CPU.ActiveCfg = Release|Any CPU
		{A56C73DE-7A59-46E2-93D9-3EE13DDE736F}.Release|Any CPU.Build.0 = Release|Any CPU
		{31F7441D-791A-4EE1-A679-C5A34DA578DB}.Debug|Any CPU.ActiveCfg = Debug|Any CPU
		{31F7441D-791A-4EE1-A679-C5A34DA578DB}.Debug|Any CPU.Build.0 = Debug|Any CPU
		{31F7441D-791A-4EE1-A679-C5A34DA578DB}.Release|Any CPU.ActiveCfg = Release|Any CPU
		{31F7441D-791A-4EE1-A679-C5A34DA578DB}.Release|Any CPU.Build.0 = Release|Any CPU
		{2A3380BD-C3F7-477A-B18D-B7A46E153D94}.Debug|Any CPU.ActiveCfg = Debug|Any CPU
		{2A3380BD-C3F7-477A-B18D-B7A46E153D94}.Debug|Any CPU.Build.0 = Debug|Any CPU
		{2A3380BD-C3F7-477A-B18D-B7A46E153D94}.Release|Any CPU.ActiveCfg = Release|Any CPU
		{2A3380BD-C3F7-477A-B18D-B7A46E153D94}.Release|Any CPU.Build.0 = Release|Any CPU
	EndGlobalSection
	GlobalSection(SolutionProperties) = preSolution
		HideSolutionNode = FALSE
	EndGlobalSection
	GlobalSection(ExtensibilityGlobals) = postSolution
		SolutionGuid = {5F5EFAD4-A5CB-4CA9-959B-93D5FD189F71}
	EndGlobalSection
EndGlobal
